
Microsoft Visual Studio Solution File, Format Version 12.00
# Visual Studio Version 16
VisualStudioVersion = 16.0.31624.102
MinimumVisualStudioVersion = 10.0.40219.1
Project("{FAE04EC0-301F-11D3-BF4B-00C04F79EFBC}") = "Biblioteca", "Ejercicio-I01-Sumador\Biblioteca.csproj", "{C6481C09-FBDA-452E-93BB-F4374D8D2599}"
EndProject
Project("{FAE04EC0-301F-11D3-BF4B-00C04F79EFBC}") = "SumadorConsola", "Sumador\SumadorConsola.csproj", "{77935DC0-9590-4BE5-BE99-AEEA0136FC51}"
EndProject
Global
	GlobalSection(SolutionConfigurationPlatforms) = preSolution
		Debug|Any CPU = Debug|Any CPU
		Release|Any CPU = Release|Any CPU
	EndGlobalSection
	GlobalSection(ProjectConfigurationPlatforms) = postSolution
		{C6481C09-FBDA-452E-93BB-F4374D8D2599}.Debug|Any CPU.ActiveCfg = Debug|Any CPU
		{C6481C09-FBDA-452E-93BB-F4374D8D2599}.Debug|Any CPU.Build.0 = Debug|Any CPU
		{C6481C09-FBDA-452E-93BB-F4374D8D2599}.Release|Any CPU.ActiveCfg = Release|Any CPU
		{C6481C09-FBDA-452E-93BB-F4374D8D2599}.Release|Any CPU.Build.0 = Release|Any CPU
		{77935DC0-9590-4BE5-BE99-AEEA0136FC51}.Debug|Any CPU.ActiveCfg = Debug|Any CPU
		{77935DC0-9590-4BE5-BE99-AEEA0136FC51}.Debug|Any CPU.Build.0 = Debug|Any CPU
		{77935DC0-9590-4BE5-BE99-AEEA0136FC51}.Release|Any CPU.ActiveCfg = Release|Any CPU
		{77935DC0-9590-4BE5-BE99-AEEA0136FC51}.Release|Any CPU.Build.0 = Release|Any CPU
	EndGlobalSection
	GlobalSection(SolutionProperties) = preSolution
		HideSolutionNode = FALSE
	EndGlobalSection
	GlobalSection(ExtensibilityGlobals) = postSolution
		SolutionGuid = {7E559128-9752-49C6-B31C-6BECEB062E7B}
	EndGlobalSection
EndGlobal
